
Microsoft Visual Studio Solution File, Format Version 12.00
# Visual Studio Version 16
VisualStudioVersion = 16.0.30413.136
MinimumVisualStudioVersion = 10.0.40219.1
Project("{F184B08F-C81C-45F6-A57F-5ABD9991F28F}") = "webappforgitub", "webappforgitub\webappforgitub.vbproj", "{3EDCE932-A96E-4E92-80C4-893AB01DD079}"
EndProject
Global
	GlobalSection(SolutionConfigurationPlatforms) = preSolution
		Debug|Any CPU = Debug|Any CPU
		Release|Any CPU = Release|Any CPU
	EndGlobalSection
	GlobalSection(ProjectConfigurationPlatforms) = postSolution
		{3EDCE932-A96E-4E92-80C4-893AB01DD079}.Debug|Any CPU.ActiveCfg = Debug|Any CPU
		{3EDCE932-A96E-4E92-80C4-893AB01DD079}.Debug|Any CPU.Build.0 = Debug|Any CPU
		{3EDCE932-A96E-4E92-80C4-893AB01DD079}.Release|Any CPU.ActiveCfg = Release|Any CPU
		{3EDCE932-A96E-4E92-80C4-893AB01DD079}.Release|Any CPU.Build.0 = Release|Any CPU
	EndGlobalSection
	GlobalSection(SolutionProperties) = preSolution
		HideSolutionNode = FALSE
	EndGlobalSection
	GlobalSection(ExtensibilityGlobals) = postSolution
		SolutionGuid = {4193E3BA-9AED-4B64-AE9A-3C87D8B851DD}
	EndGlobalSection
EndGlobal
